// !$*UTF8*$!
{
	archiveVersion = 1;
	classes = {
	};
	objectVersion = 46;
	objects = {

/* Begin PBXBuildFile section */
		B6AD27401D880DBC00D57406 /* main.m in Sources */ = {isa = PBXBuildFile; fileRef = B6AD273F1D880DBC00D57406 /* main.m */; };
		B6AD27431D880DBC00D57406 /* AppDelegate.m in Sources */ = {isa = PBXBuildFile; fileRef = B6AD27421D880DBC00D57406 /* AppDelegate.m */; };
		B6AD27461D880DBC00D57406 /* ViewController.m in Sources */ = {isa = PBXBuildFile; fileRef = B6AD27451D880DBC00D57406 /* ViewController.m */; };
		B6AD27491D880DBC00D57406 /* Main.storyboard in Resources */ = {isa = PBXBuildFile; fileRef = B6AD27471D880DBC00D57406 /* Main.storyboard */; };
		B6AD274B1D880DBC00D57406 /* Assets.xcassets in Resources */ = {isa = PBXBuildFile; fileRef = B6AD274A1D880DBC00D57406 /* Assets.xcassets */; };
		B6AD274E1D880DBC00D57406 /* LaunchScreen.storyboard in Resources */ = {isa = PBXBuildFile; fileRef = B6AD274C1D880DBC00D57406 /* LaunchScreen.storyboard */; };
/* End PBXBuildFile section */

/* Begin PBXFileReference section */
		B6AD273B1D880DBC00D57406 /* ThirdTool_LogShare.app */ = {isa = PBXFileReference; explicitFileType = wrapper.application; includeInIndex = 0; path = ThirdTool_LogShare.app; sourceTree = BUILT_PRODUCTS_DIR; };
		B6AD273F1D880DBC00D57406 /* main.m */ = {isa = PBXFileReference; lastKnownFileType = sourcecode.c.objc; path = main.m; sourceTree = "<group>"; };
		B6AD27411D880DBC00D57406 /* AppDelegate.h */ = {isa = PBXFileReference; lastKnownFileType = sourcecode.c.h; path = AppDelegate.h; sourceTree = "<group>"; };
		B6AD27421D880DBC00D57406 /* AppDelegate.m */ = {isa = PBXFileReference; lastKnownFileType = sourcecode.c.objc; path = AppDelegate.m; sourceTree = "<group>"; };
		B6AD27441D880DBC00D57406 /* ViewController.h */ = {isa = PBXFileReference; lastKnownFileType = sourcecode.c.h; path = ViewController.h; sourceTree = "<group>"; };
		B6AD27451D880DBC00D57406 /* ViewController.m */ = {isa = PBXFileReference; lastKnownFileType = sourcecode.c.objc; path = ViewController.m; sourceTree = "<group>"; };
		B6AD27481D880DBC00D57406 /* Base */ = {isa = PBXFileReference; lastKnownFileType = file.storyboard; name = Base; path = Base.lproj/Main.storyboard; sourceTree = "<group>"; };
		B6AD274A1D880DBC00D57406 /* Assets.xcassets */ = {isa = PBXFileReference; lastKnownFileType = folder.assetcatalog; path = Assets.xcassets; sourceTree = "<group>"; };
		B6AD274D1D880DBC00D57406 /* Base */ = {isa = PBXFileReference; lastKnownFileType = file.storyboard; name = Base; path = Base.lproj/LaunchScreen.storyboard; sourceTree = "<group>"; };
		B6AD274F1D880DBC00D57406 /* Info.plist */ = {isa = PBXFileReference; lastKnownFileType = text.plist.xml; path = Info.plist; sourceTree = "<group>"; };
/* End PBXFileReference section */

/* Begin PBXFrameworksBuildPhase section */
		B6AD27381D880DBC00D57406 /* Frameworks */ = {
			isa = PBXFrameworksBuildPhase;
			buildActionMask = 2147483647;
			files = (
			);
			runOnlyForDeploymentPostprocessing = 0;
		};
/* End PBXFrameworksBuildPhase section */

/* Begin PBXGroup section */
		B6AD27321D880DBC00D57406 = {
			isa = PBXGroup;
			children = (
				B6AD273D1D880DBC00D57406 /* ThirdTool_LogShare */,
				B6AD273C1D880DBC00D57406 /* Products */,
			);
			sourceTree = "<group>";
		};
		B6AD273C1D880DBC00D57406 /* Products */ = {
			isa = PBXGroup;
			children = (
				B6AD273B1D880DBC00D57406 /* ThirdTool_LogShare.app */,
			);
			name = Products;
			sourceTree = "<group>";
		};
		B6AD273D1D880DBC00D57406 /* ThirdTool_LogShare */ = {
			isa = PBXGroup;
			children = (
				B6AD27551D880EB000D57406 /* lib */,
				B6AD275A1D880EB000D57406 /* Tools */,
				B6AD27411D880DBC00D57406 /* AppDelegate.h */,
				B6AD27421D880DBC00D57406 /* AppDelegate.m */,
				B6AD27441D880DBC00D57406 /* ViewController.h */,
				B6AD27451D880DBC00D57406 /* ViewController.m */,
				B6AD27471D880DBC00D57406 /* Main.storyboard */,
				B6AD274A1D880DBC00D57406 /* Assets.xcassets */,
				B6AD274C1D880DBC00D57406 /* LaunchScreen.storyboard */,
				B6AD274F1D880DBC00D57406 /* Info.plist */,
				B6AD273E1D880DBC00D57406 /* Supporting Files */,
			);
			path = ThirdTool_LogShare;
			sourceTree = "<group>";
		};
		B6AD273E1D880DBC00D57406 /* Supporting Files */ = {
			isa = PBXGroup;
			children = (
				B6AD273F1D880DBC00D57406 /* main.m */,
			);
			name = "Supporting Files";
			sourceTree = "<group>";
		};
		B6AD27551D880EB000D57406 /* lib */ = {
			isa = PBXGroup;
			children = (
				B6AD27561D880EB000D57406 /* Frameworks */,
				B6AD27571D880EB000D57406 /* qq */,
				B6AD27581D880EB000D57406 /* sina */,
				B6AD27591D880EB000D57406 /* weichat */,
			);
			path = lib;
			sourceTree = "<group>";
		};
		B6AD27561D880EB000D57406 /* Frameworks */ = {
			isa = PBXGroup;
			children = (
			);
			path = Frameworks;
			sourceTree = "<group>";
		};
		B6AD27571D880EB000D57406 /* qq */ = {
			isa = PBXGroup;
			children = (
			);
			path = qq;
			sourceTree = "<group>";
		};
		B6AD27581D880EB000D57406 /* sina */ = {
			isa = PBXGroup;
			children = (
			);
			path = sina;
			sourceTree = "<group>";
		};
		B6AD27591D880EB000D57406 /* weichat */ = {
			isa = PBXGroup;
			children = (
			);
			path = weichat;
			sourceTree = "<group>";
		};
		B6AD275A1D880EB000D57406 /* Tools */ = {
			isa = PBXGroup;
			children = (
			);
			path = Tools;
			sourceTree = "<group>";
		};
/* End PBXGroup section */

/* Begin PBXNativeTarget section */
		B6AD273A1D880DBC00D57406 /* ThirdTool_LogShare */ = {
			isa = PBXNativeTarget;
			buildConfigurationList = B6AD27521D880DBC00D57406 /* Build configuration list for PBXNativeTarget "ThirdTool_LogShare" */;
			buildPhases = (
				B6AD27371D880DBC00D57406 /* Sources */,
				B6AD27381D880DBC00D57406 /* Frameworks */,
				B6AD27391D880DBC00D57406 /* Resources */,
			);
			buildRules = (
			);
			dependencies = (
			);
			name = ThirdTool_LogShare;
			productName = ThirdTool_LogShare;
			productReference = B6AD273B1D880DBC00D57406 /* ThirdTool_LogShare.app */;
			productType = "com.apple.product-type.application";
		};
/* End PBXNativeTarget section */

/* Begin PBXProject section */
		B6AD27331D880DBC00D57406 /* Project object */ = {
			isa = PBXProject;
			attributes = {
				LastUpgradeCheck = 0730;
				ORGANIZATIONNAME = liyang;
				TargetAttributes = {
					B6AD273A1D880DBC00D57406 = {
						CreatedOnToolsVersion = 7.3.1;
					};
				};
			};
			buildConfigurationList = B6AD27361D880DBC00D57406 /* Build configuration list for PBXProject "ThirdTool_LogShare" */;
			compatibilityVersion = "Xcode 3.2";
			developmentRegion = English;
			hasScannedForEncodings = 0;
			knownRegions = (
				en,
				Base,
			);
			mainGroup = B6AD27321D880DBC00D57406;
			productRefGroup = B6AD273C1D880DBC00D57406 /* Products */;
			projectDirPath = "";
			projectRoot = "";
			targets = (
				B6AD273A1D880DBC00D57406 /* ThirdTool_LogShare */,
			);
		};
/* End PBXProject section */

/* Begin PBXResourcesBuildPhase section */
		B6AD27391D880DBC00D57406 /* Resources */ = {
			isa = PBXResourcesBuildPhase;
			buildActionMask = 2147483647;
			files = (
				B6AD274E1D880DBC00D57406 /* LaunchScreen.storyboard in Resources */,
				B6AD274B1D880DBC00D57406 /* Assets.xcassets in Resources */,
				B6AD27491D880DBC00D57406 /* Main.storyboard in Resources */,
			);
			runOnlyForDeploymentPostprocessing = 0;
		};
/* End PBXResourcesBuildPhase section */

/* Begin PBXSourcesBuildPhase section */
		B6AD27371D880DBC00D57406 /* Sources */ = {
			isa = PBXSourcesBuildPhase;
			buildActionMask = 2147483647;
			files = (
				B6AD27461D880DBC00D57406 /* ViewController.m in Sources */,
				B6AD27431D880DBC00D57406 /* AppDelegate.m in Sources */,
				B6AD27401D880DBC00D57406 /* main.m in Sources */,
			);
			runOnlyForDeploymentPostprocessing = 0;
		};
/* End PBXSourcesBuildPhase section */

/* Begin PBXVariantGroup section */
		B6AD27471D880DBC00D57406 /* Main.storyboard */ = {
			isa = PBXVariantGroup;
			children = (
				B6AD27481D880DBC00D57406 /* Base */,
			);
			name = Main.storyboard;
			sourceTree = "<group>";
		};
		B6AD274C1D880DBC00D57406 /* LaunchScreen.storyboard */ = {
			isa = PBXVariantGroup;
			children = (
				B6AD274D1D880DBC00D57406 /* Base */,
			);
			name = LaunchScreen.storyboard;
			sourceTree = "<group>";
		};
/* End PBXVariantGroup section */

/* Begin XCBuildConfiguration section */
		B6AD27501D880DBC00D57406 /* Debug */ = {
			isa = XCBuildConfiguration;
			buildSettings = {
				ALWAYS_SEARCH_USER_PATHS = NO;
				CLANG_ANALYZER_NONNULL = YES;
				CLANG_CXX_LANGUAGE_STANDARD = "gnu++0x";
				CLANG_CXX_LIBRARY = "libc++";
				CLANG_ENABLE_MODULES = YES;
				CLANG_ENABLE_OBJC_ARC = YES;
				CLANG_WARN_BOOL_CONVERSION = YES;
				CLANG_WARN_CONSTANT_CONVERSION = YES;
				CLANG_WARN_DIRECT_OBJC_ISA_USAGE = YES_ERROR;
				CLANG_WARN_EMPTY_BODY = YES;
				CLANG_WARN_ENUM_CONVERSION = YES;
				CLANG_WARN_INT_CONVERSION = YES;
				CLANG_WARN_OBJC_ROOT_CLASS = YES_ERROR;
				CLANG_WARN_UNREACHABLE_CODE = YES;
				CLANG_WARN__DUPLICATE_METHOD_MATCH = YES;
				"CODE_SIGN_IDENTITY[sdk=iphoneos*]" = "iPhone Developer";
				COPY_PHASE_STRIP = NO;
				DEBUG_INFORMATION_FORMAT = dwarf;
				ENABLE_STRICT_OBJC_MSGSEND = YES;
				ENABLE_TESTABILITY = YES;
				GCC_C_LANGUAGE_STANDARD = gnu99;
				GCC_DYNAMIC_NO_PIC = NO;
				GCC_NO_COMMON_BLOCKS = YES;
				GCC_OPTIMIZATION_LEVEL = 0;
				GCC_PREPROCESSOR_DEFINITIONS = (
					"DEBUG=1",
					"$(inherited)",
				);
				GCC_WARN_64_TO_32_BIT_CONVERSION = YES;
				GCC_WARN_ABOUT_RETURN_TYPE = YES_ERROR;
				GCC_WARN_UNDECLARED_SELECTOR = YES;
				GCC_WARN_UNINITIALIZED_AUTOS = YES_AGGRESSIVE;
				GCC_WARN_UNUSED_FUNCTION = YES;
				GCC_WARN_UNUSED_VARIABLE = YES;
				IPHONEOS_DEPLOYMENT_TARGET = 9.3;
				MTL_ENABLE_DEBUG_INFO = YES;
				ONLY_ACTIVE_ARCH = YES;
				SDKROOT = iphoneos;
			};
			name = Debug;
		};
		B6AD27511D880DBC00D57406 /* Release */ = {
			isa = XCBuildConfiguration;
			buildSettings = {
				ALWAYS_SEARCH_USER_PATHS = NO;
				CLANG_ANALYZER_NONNULL = YES;
				CLANG_CXX_LANGUAGE_STANDARD = "gnu++0x";
				CLANG_CXX_LIBRARY = "libc++";
				CLANG_ENABLE_MODULES = YES;
				CLANG_ENABLE_OBJC_ARC = YES;
				CLANG_WARN_BOOL_CONVERSION = YES;
				CLANG_WARN_CONSTANT_CONVERSION = YES;
				CLANG_WARN_DIRECT_OBJC_ISA_USAGE = YES_ERROR;
				CLANG_WARN_EMPTY_BODY = YES;
				CLANG_WARN_ENUM_CONVERSION = YES;
				CLANG_WARN_INT_CONVERSION = YES;
				CLANG_WARN_OBJC_ROOT_CLASS = YES_ERROR;
				CLANG_WARN_UNREACHABLE_CODE = YES;
				CLANG_WARN__DUPLICATE_METHOD_MATCH = YES;
				"CODE_SIGN_IDENTITY[sdk=iphoneos*]" = "iPhone Developer";
				COPY_PHASE_STRIP = NO;
				DEBUG_INFORMATION_FORMAT = "dwarf-with-dsym";
				ENABLE_NS_ASSERTIONS = NO;
				ENABLE_STRICT_OBJC_MSGSEND = YES;
				GCC_C_LANGUAGE_STANDARD = gnu99;
				GCC_NO_COMMON_BLOCKS = YES;
				GCC_WARN_64_TO_32_BIT_CONVERSION = YES;
				GCC_WARN_ABOUT_RETURN_TYPE = YES_ERROR;
				GCC_WARN_UNDECLARED_SELECTOR = YES;
				GCC_WARN_UNINITIALIZED_AUTOS = YES_AGGRESSIVE;
				GCC_WARN_UNUSED_FUNCTION = YES;
				GCC_WARN_UNUSED_VARIABLE = YES;
				IPHONEOS_DEPLOYMENT_TARGET = 9.3;
				MTL_ENABLE_DEBUG_INFO = NO;
				SDKROOT = iphoneos;
				VALIDATE_PRODUCT = YES;
			};
			name = Release;
		};
		B6AD27531D880DBC00D57406 /* Debug */ = {
			isa = XCBuildConfiguration;
			buildSettings = {
				ASSETCATALOG_COMPILER_APPICON_NAME = AppIcon;
				INFOPLIST_FILE = ThirdTool_LogShare/Info.plist;
				LD_RUNPATH_SEARCH_PATHS = "$(inherited) @executable_path/Frameworks";
				PRODUCT_BUNDLE_IDENTIFIER = "com.liyang.ThirdTool-LogShare";
				PRODUCT_NAME = "$(TARGET_NAME)";
			};
			name = Debug;
		};
		B6AD27541D880DBC00D57406 /* Release */ = {
			isa = XCBuildConfiguration;
			buildSettings = {
				ASSETCATALOG_COMPILER_APPICON_NAME = AppIcon;
				INFOPLIST_FILE = ThirdTool_LogShare/Info.plist;
				LD_RUNPATH_SEARCH_PATHS = "$(inherited) @executable_path/Frameworks";
				PRODUCT_BUNDLE_IDENTIFIER = "com.liyang.ThirdTool-LogShare";
				PRODUCT_NAME = "$(TARGET_NAME)";
			};
			name = Release;
		};
/* End XCBuildConfiguration section */

/* Begin XCConfigurationList section */
		B6AD27361D880DBC00D57406 /* Build configuration list for PBXProject "ThirdTool_LogShare" */ = {
			isa = XCConfigurationList;
			buildConfigurations = (
				B6AD27501D880DBC00D57406 /* Debug */,
				B6AD27511D880DBC00D57406 /* Release */,
			);
			defaultConfigurationIsVisible = 0;
			defaultConfigurationName = Release;
		};
		B6AD27521D880DBC00D57406 /* Build configuration list for PBXNativeTarget "ThirdTool_LogShare" */ = {
			isa = XCConfigurationList;
			buildConfigurations = (
				B6AD27531D880DBC00D57406 /* Debug */,
				B6AD27541D880DBC00D57406 /* Release */,
			);
			defaultConfigurationIsVisible = 0;
		};
/* End XCConfigurationList section */
	};
	rootObject = B6AD27331D880DBC00D57406 /* Project object */;
}
